
Microsoft Visual Studio Solution File, Format Version 12.00
Project("{FAE04EC0-301F-11D3-BF4B-00C04F79EFBC}") = "UrlShortener.Api", "Api\src\UrlShortener.Api\UrlShortener.Api.csproj", "{C50CE4C2-2674-446E-89F4-8E218AB02D1B}"
EndProject
Project("{2150E333-8FDC-42A3-9474-1A3956D46DE8}") = "_SolutionItems", "_SolutionItems", "{F56E3A81-0680-4F95-A15D-10A53632B5C5}"
	ProjectSection(SolutionItems) = preProject
		..\.gitignore = ..\.gitignore
		..\.github\workflows\api.yml = ..\.github\workflows\api.yml
		Api\src\testlist.txt = Api\src\testlist.txt
	EndProjectSection
EndProject
Project("{2150E333-8FDC-42A3-9474-1A3956D46DE8}") = "Api", "Api", "{FB2CF4D5-D404-45A4-AC22-7959FAD5B170}"
EndProject
Project("{2150E333-8FDC-42A3-9474-1A3956D46DE8}") = "src", "src", "{9CA6EE6F-33B4-4501-BDB5-D5D5A6AF3C76}"
EndProject
Project("{2150E333-8FDC-42A3-9474-1A3956D46DE8}") = "tests", "tests", "{B866FF9B-D70E-4AD5-A839-4D12A44CC3E0}"
EndProject
Project("{FAE04EC0-301F-11D3-BF4B-00C04F79EFBC}") = "UrlShortener.Api.Core.Tests", "Api\tests\UrlShortener.Api.Core.Tests\UrlShortener.Api.Core.Tests.csproj", "{8098DA17-67CF-43A1-ABA8-49E5A1EE121B}"
EndProject
Project("{FAE04EC0-301F-11D3-BF4B-00C04F79EFBC}") = "UrlShortener.Core", "Api\src\UrlShortener.Core\UrlShortener.Core.csproj", "{403F6629-A032-4C26-8090-49F7E2C0B2D9}"
EndProject
Project("{FAE04EC0-301F-11D3-BF4B-00C04F79EFBC}") = "UrlShortener.Tests", "Api\tests\UrlShortener.Tests\UrlShortener.Tests.csproj", "{3CFD8BEA-D467-4A9B-A5C9-F9C78B88AA58}"
EndProject
Global
	GlobalSection(SolutionConfigurationPlatforms) = preSolution
		Debug|Any CPU = Debug|Any CPU
		Release|Any CPU = Release|Any CPU
	EndGlobalSection
	GlobalSection(ProjectConfigurationPlatforms) = postSolution
		{C50CE4C2-2674-446E-89F4-8E218AB02D1B}.Debug|Any CPU.ActiveCfg = Debug|Any CPU
		{C50CE4C2-2674-446E-89F4-8E218AB02D1B}.Debug|Any CPU.Build.0 = Debug|Any CPU
		{C50CE4C2-2674-446E-89F4-8E218AB02D1B}.Release|Any CPU.ActiveCfg = Release|Any CPU
		{C50CE4C2-2674-446E-89F4-8E218AB02D1B}.Release|Any CPU.Build.0 = Release|Any CPU
		{8098DA17-67CF-43A1-ABA8-49E5A1EE121B}.Debug|Any CPU.ActiveCfg = Debug|Any CPU
		{8098DA17-67CF-43A1-ABA8-49E5A1EE121B}.Debug|Any CPU.Build.0 = Debug|Any CPU
		{8098DA17-67CF-43A1-ABA8-49E5A1EE121B}.Release|Any CPU.ActiveCfg = Release|Any CPU
		{8098DA17-67CF-43A1-ABA8-49E5A1EE121B}.Release|Any CPU.Build.0 = Release|Any CPU
		{403F6629-A032-4C26-8090-49F7E2C0B2D9}.Debug|Any CPU.ActiveCfg = Debug|Any CPU
		{403F6629-A032-4C26-8090-49F7E2C0B2D9}.Debug|Any CPU.Build.0 = Debug|Any CPU
		{403F6629-A032-4C26-8090-49F7E2C0B2D9}.Release|Any CPU.ActiveCfg = Release|Any CPU
		{403F6629-A032-4C26-8090-49F7E2C0B2D9}.Release|Any CPU.Build.0 = Release|Any CPU
		{3CFD8BEA-D467-4A9B-A5C9-F9C78B88AA58}.Debug|Any CPU.ActiveCfg = Debug|Any CPU
		{3CFD8BEA-D467-4A9B-A5C9-F9C78B88AA58}.Debug|Any CPU.Build.0 = Debug|Any CPU
		{3CFD8BEA-D467-4A9B-A5C9-F9C78B88AA58}.Release|Any CPU.ActiveCfg = Release|Any CPU
		{3CFD8BEA-D467-4A9B-A5C9-F9C78B88AA58}.Release|Any CPU.Build.0 = Release|Any CPU
	EndGlobalSection
	GlobalSection(NestedProjects) = preSolution
		{9CA6EE6F-33B4-4501-BDB5-D5D5A6AF3C76} = {FB2CF4D5-D404-45A4-AC22-7959FAD5B170}
		{B866FF9B-D70E-4AD5-A839-4D12A44CC3E0} = {FB2CF4D5-D404-45A4-AC22-7959FAD5B170}
		{C50CE4C2-2674-446E-89F4-8E218AB02D1B} = {9CA6EE6F-33B4-4501-BDB5-D5D5A6AF3C76}
		{8098DA17-67CF-43A1-ABA8-49E5A1EE121B} = {B866FF9B-D70E-4AD5-A839-4D12A44CC3E0}
		{403F6629-A032-4C26-8090-49F7E2C0B2D9} = {9CA6EE6F-33B4-4501-BDB5-D5D5A6AF3C76}
		{3CFD8BEA-D467-4A9B-A5C9-F9C78B88AA58} = {B866FF9B-D70E-4AD5-A839-4D12A44CC3E0}
	EndGlobalSection
EndGlobal
